
Microsoft Visual Studio Solution File, Format Version 12.00
# Visual Studio 15
VisualStudioVersion = 15.0.28307.168
MinimumVisualStudioVersion = 10.0.40219.1
Project("{FAE04EC0-301F-11D3-BF4B-00C04F79EFBC}") = "cember_alan_cevre_hesaplama", "cember_alan_cevre_hesaplama\cember_alan_cevre_hesaplama.csproj", "{BC47CEBC-3EFE-4566-A334-CA65352C427D}"
EndProject
Global
	GlobalSection(SolutionConfigurationPlatforms) = preSolution
		Debug|Any CPU = Debug|Any CPU
		Release|Any CPU = Release|Any CPU
	EndGlobalSection
	GlobalSection(ProjectConfigurationPlatforms) = postSolution
		{BC47CEBC-3EFE-4566-A334-CA65352C427D}.Debug|Any CPU.ActiveCfg = Debug|Any CPU
		{BC47CEBC-3EFE-4566-A334-CA65352C427D}.Debug|Any CPU.Build.0 = Debug|Any CPU
		{BC47CEBC-3EFE-4566-A334-CA65352C427D}.Release|Any CPU.ActiveCfg = Release|Any CPU
		{BC47CEBC-3EFE-4566-A334-CA65352C427D}.Release|Any CPU.Build.0 = Release|Any CPU
	EndGlobalSection
	GlobalSection(SolutionProperties) = preSolution
		HideSolutionNode = FALSE
	EndGlobalSection
	GlobalSection(ExtensibilityGlobals) = postSolution
		SolutionGuid = {73228B4E-8BBF-4D26-AB00-0A7B6A3D18CF}
	EndGlobalSection
EndGlobal
